
Microsoft Visual Studio Solution File, Format Version 12.00
# Visual Studio Version 17
VisualStudioVersion = 17.0.31903.59
MinimumVisualStudioVersion = 10.0.40219.1
Project("{2150E333-8FDC-42A3-9474-1A3956D46DE8}") = "Core", "Core", "{051A7E15-8C67-4786-BC02-D1B6FE4DAA6D}"
EndProject
Project("{9A19103F-16F7-4668-BE54-9A1E7A4F7556}") = "Types", "Core\Types\Types.csproj", "{D7F87A3F-AD05-4F15-9B7E-96E847A27200}"
EndProject
Project("{2150E333-8FDC-42A3-9474-1A3956D46DE8}") = "Services", "Services", "{43D1D8D4-24C6-4BA4-9FB5-5A33DDF7359C}"
EndProject
Project("{9A19103F-16F7-4668-BE54-9A1E7A4F7556}") = "WeatherService", "Services\WeatherService\WeatherService.csproj", "{07281F61-A56F-43A6-8BF1-4B256065EC6C}"
EndProject
Project("{2150E333-8FDC-42A3-9474-1A3956D46DE8}") = "Access", "Access", "{A4D3D14A-910D-41CF-B58F-EC668587AA67}"
EndProject
Project("{9A19103F-16F7-4668-BE54-9A1E7A4F7556}") = "WeatherAccess", "Access\WeatherAccess\WeatherAccess.csproj", "{CBB6455A-1896-4D53-892D-70E0C5A9D9C1}"
EndProject
Project("{2150E333-8FDC-42A3-9474-1A3956D46DE8}") = "Apps", "Apps", "{551D3E9A-BADF-4EC7-94E4-F04C1E468B47}"
EndProject
Project("{9A19103F-16F7-4668-BE54-9A1E7A4F7556}") = "Api", "Apps\Api\Api.csproj", "{C8FE034E-4E2F-44F0-BFEE-10AACCE1245F}"
EndProject
Project("{2150E333-8FDC-42A3-9474-1A3956D46DE8}") = "Tests", "Tests", "{497F4E51-5BFD-486A-8BC9-8434F1C63782}"
EndProject
Project("{2150E333-8FDC-42A3-9474-1A3956D46DE8}") = "Services", "Services", "{AD9232E2-AEF4-4423-B586-FB57448AABA2}"
EndProject
Project("{9A19103F-16F7-4668-BE54-9A1E7A4F7556}") = "WeatherService.Tests", "Tests\Services\WeatherService.Tests\WeatherService.Tests.csproj", "{43C2FA1B-F9C3-4026-B025-B569977276E2}"
EndProject
Project("{2150E333-8FDC-42A3-9474-1A3956D46DE8}") = "Access", "Access", "{668DBD05-12B8-4413-B4C4-07F0DF4C26F6}"
EndProject
Project("{9A19103F-16F7-4668-BE54-9A1E7A4F7556}") = "WeatherAccess.Tests", "Tests\Access\WeatherAccess.Tests\WeatherAccess.Tests.csproj", "{F5D22FFE-53C9-40A8-A8F7-47183054FFF1}"
EndProject
Project("{9A19103F-16F7-4668-BE54-9A1E7A4F7556}") = "OpenWeatherApiAccess", "Access\OpenWeatherApiAccess\OpenWeatherApiAccess.csproj", "{DC879FAC-1A7A-4A0D-B372-DAE1C36EA486}"
EndProject
Project("{9A19103F-16F7-4668-BE54-9A1E7A4F7556}") = "OpenWeatherAPIAccess.Tests", "Tests\Access\OpenWeatherAPIAccess.Tests\OpenWeatherAPIAccess.Tests.csproj", "{CB1A7772-F048-49E2-8843-E1D1C6E4C2D1}"
EndProject
Project("{2150E333-8FDC-42A3-9474-1A3956D46DE8}") = "Controllers", "Controllers", "{31FE0B02-6C31-4A65-9691-5788403AA9D4}"
EndProject
Project("{9A19103F-16F7-4668-BE54-9A1E7A4F7556}") = "WeatherForecastController.Tests", "Tests\Controllers\WeatherForecastController.Tests\WeatherForecastController.Tests.csproj", "{B87FF3A2-0391-40ED-A618-C6C6B00BA003}"
EndProject
Project("{FAE04EC0-301F-11D3-BF4B-00C04F79EFBC}") = "Interfaces", "Core\Interfaces\Interfaces.csproj", "{5F4BEF1F-3E16-4DA3-B2AC-099D014F4D53}"
EndProject
Global
	GlobalSection(SolutionConfigurationPlatforms) = preSolution
		Debug|Any CPU = Debug|Any CPU
		Release|Any CPU = Release|Any CPU
	EndGlobalSection
	GlobalSection(ProjectConfigurationPlatforms) = postSolution
		{D7F87A3F-AD05-4F15-9B7E-96E847A27200}.Debug|Any CPU.ActiveCfg = Debug|Any CPU
		{D7F87A3F-AD05-4F15-9B7E-96E847A27200}.Debug|Any CPU.Build.0 = Debug|Any CPU
		{D7F87A3F-AD05-4F15-9B7E-96E847A27200}.Release|Any CPU.ActiveCfg = Release|Any CPU
		{D7F87A3F-AD05-4F15-9B7E-96E847A27200}.Release|Any CPU.Build.0 = Release|Any CPU
		{07281F61-A56F-43A6-8BF1-4B256065EC6C}.Debug|Any CPU.ActiveCfg = Debug|Any CPU
		{07281F61-A56F-43A6-8BF1-4B256065EC6C}.Debug|Any CPU.Build.0 = Debug|Any CPU
		{07281F61-A56F-43A6-8BF1-4B256065EC6C}.Release|Any CPU.ActiveCfg = Release|Any CPU
		{07281F61-A56F-43A6-8BF1-4B256065EC6C}.Release|Any CPU.Build.0 = Release|Any CPU
		{CBB6455A-1896-4D53-892D-70E0C5A9D9C1}.Debug|Any CPU.ActiveCfg = Debug|Any CPU
		{CBB6455A-1896-4D53-892D-70E0C5A9D9C1}.Debug|Any CPU.Build.0 = Debug|Any CPU
		{CBB6455A-1896-4D53-892D-70E0C5A9D9C1}.Release|Any CPU.ActiveCfg = Release|Any CPU
		{CBB6455A-1896-4D53-892D-70E0C5A9D9C1}.Release|Any CPU.Build.0 = Release|Any CPU
		{C8FE034E-4E2F-44F0-BFEE-10AACCE1245F}.Debug|Any CPU.ActiveCfg = Debug|Any CPU
		{C8FE034E-4E2F-44F0-BFEE-10AACCE1245F}.Debug|Any CPU.Build.0 = Debug|Any CPU
		{C8FE034E-4E2F-44F0-BFEE-10AACCE1245F}.Release|Any CPU.ActiveCfg = Release|Any CPU
		{C8FE034E-4E2F-44F0-BFEE-10AACCE1245F}.Release|Any CPU.Build.0 = Release|Any CPU
		{43C2FA1B-F9C3-4026-B025-B569977276E2}.Debug|Any CPU.ActiveCfg = Debug|Any CPU
		{43C2FA1B-F9C3-4026-B025-B569977276E2}.Debug|Any CPU.Build.0 = Debug|Any CPU
		{43C2FA1B-F9C3-4026-B025-B569977276E2}.Release|Any CPU.ActiveCfg = Release|Any CPU
		{43C2FA1B-F9C3-4026-B025-B569977276E2}.Release|Any CPU.Build.0 = Release|Any CPU
		{F5D22FFE-53C9-40A8-A8F7-47183054FFF1}.Debug|Any CPU.ActiveCfg = Debug|Any CPU
		{F5D22FFE-53C9-40A8-A8F7-47183054FFF1}.Debug|Any CPU.Build.0 = Debug|Any CPU
		{F5D22FFE-53C9-40A8-A8F7-47183054FFF1}.Release|Any CPU.ActiveCfg = Release|Any CPU
		{F5D22FFE-53C9-40A8-A8F7-47183054FFF1}.Release|Any CPU.Build.0 = Release|Any CPU
		{DC879FAC-1A7A-4A0D-B372-DAE1C36EA486}.Debug|Any CPU.ActiveCfg = Debug|Any CPU
		{DC879FAC-1A7A-4A0D-B372-DAE1C36EA486}.Debug|Any CPU.Build.0 = Debug|Any CPU
		{DC879FAC-1A7A-4A0D-B372-DAE1C36EA486}.Release|Any CPU.ActiveCfg = Release|Any CPU
		{DC879FAC-1A7A-4A0D-B372-DAE1C36EA486}.Release|Any CPU.Build.0 = Release|Any CPU
		{CB1A7772-F048-49E2-8843-E1D1C6E4C2D1}.Debug|Any CPU.ActiveCfg = Debug|Any CPU
		{CB1A7772-F048-49E2-8843-E1D1C6E4C2D1}.Debug|Any CPU.Build.0 = Debug|Any CPU
		{CB1A7772-F048-49E2-8843-E1D1C6E4C2D1}.Release|Any CPU.ActiveCfg = Release|Any CPU
		{CB1A7772-F048-49E2-8843-E1D1C6E4C2D1}.Release|Any CPU.Build.0 = Release|Any CPU
		{B87FF3A2-0391-40ED-A618-C6C6B00BA003}.Debug|Any CPU.ActiveCfg = Debug|Any CPU
		{B87FF3A2-0391-40ED-A618-C6C6B00BA003}.Debug|Any CPU.Build.0 = Debug|Any CPU
		{B87FF3A2-0391-40ED-A618-C6C6B00BA003}.Release|Any CPU.ActiveCfg = Release|Any CPU
		{B87FF3A2-0391-40ED-A618-C6C6B00BA003}.Release|Any CPU.Build.0 = Release|Any CPU
		{5F4BEF1F-3E16-4DA3-B2AC-099D014F4D53}.Debug|Any CPU.ActiveCfg = Debug|Any CPU
		{5F4BEF1F-3E16-4DA3-B2AC-099D014F4D53}.Debug|Any CPU.Build.0 = Debug|Any CPU
		{5F4BEF1F-3E16-4DA3-B2AC-099D014F4D53}.Release|Any CPU.ActiveCfg = Release|Any CPU
		{5F4BEF1F-3E16-4DA3-B2AC-099D014F4D53}.Release|Any CPU.Build.0 = Release|Any CPU
	EndGlobalSection
	GlobalSection(SolutionProperties) = preSolution
		HideSolutionNode = FALSE
	EndGlobalSection
	GlobalSection(NestedProjects) = preSolution
		{D7F87A3F-AD05-4F15-9B7E-96E847A27200} = {051A7E15-8C67-4786-BC02-D1B6FE4DAA6D}
		{07281F61-A56F-43A6-8BF1-4B256065EC6C} = {43D1D8D4-24C6-4BA4-9FB5-5A33DDF7359C}
		{CBB6455A-1896-4D53-892D-70E0C5A9D9C1} = {A4D3D14A-910D-41CF-B58F-EC668587AA67}
		{C8FE034E-4E2F-44F0-BFEE-10AACCE1245F} = {551D3E9A-BADF-4EC7-94E4-F04C1E468B47}
		{AD9232E2-AEF4-4423-B586-FB57448AABA2} = {497F4E51-5BFD-486A-8BC9-8434F1C63782}
		{43C2FA1B-F9C3-4026-B025-B569977276E2} = {AD9232E2-AEF4-4423-B586-FB57448AABA2}
		{668DBD05-12B8-4413-B4C4-07F0DF4C26F6} = {497F4E51-5BFD-486A-8BC9-8434F1C63782}
		{F5D22FFE-53C9-40A8-A8F7-47183054FFF1} = {668DBD05-12B8-4413-B4C4-07F0DF4C26F6}
		{DC879FAC-1A7A-4A0D-B372-DAE1C36EA486} = {A4D3D14A-910D-41CF-B58F-EC668587AA67}
		{CB1A7772-F048-49E2-8843-E1D1C6E4C2D1} = {668DBD05-12B8-4413-B4C4-07F0DF4C26F6}
		{31FE0B02-6C31-4A65-9691-5788403AA9D4} = {497F4E51-5BFD-486A-8BC9-8434F1C63782}
		{B87FF3A2-0391-40ED-A618-C6C6B00BA003} = {31FE0B02-6C31-4A65-9691-5788403AA9D4}
		{5F4BEF1F-3E16-4DA3-B2AC-099D014F4D53} = {051A7E15-8C67-4786-BC02-D1B6FE4DAA6D}
	EndGlobalSection
	GlobalSection(ExtensibilityGlobals) = postSolution
		SolutionGuid = {C0442B12-3BBE-4DEF-AFB6-3A78B3417B8E}
	EndGlobalSection
EndGlobal
